
Microsoft Visual Studio Solution File, Format Version 12.00
# Visual Studio 15
VisualStudioVersion = 15.0.27428.2037
MinimumVisualStudioVersion = 10.0.40219.1
Project("{FAE04EC0-301F-11D3-BF4B-00C04F79EFBC}") = "CourseValidationToolGUI", "CourseValidationToolGUI\CourseValidationToolGUI.csproj", "{282B3747-804D-4E38-92D2-1A9FBB70D838}"
EndProject
Global
	GlobalSection(SolutionConfigurationPlatforms) = preSolution
		Debug|Any CPU = Debug|Any CPU
		Release|Any CPU = Release|Any CPU
	EndGlobalSection
	GlobalSection(ProjectConfigurationPlatforms) = postSolution
		{282B3747-804D-4E38-92D2-1A9FBB70D838}.Debug|Any CPU.ActiveCfg = Debug|Any CPU
		{282B3747-804D-4E38-92D2-1A9FBB70D838}.Debug|Any CPU.Build.0 = Debug|Any CPU
		{282B3747-804D-4E38-92D2-1A9FBB70D838}.Release|Any CPU.ActiveCfg = Release|Any CPU
		{282B3747-804D-4E38-92D2-1A9FBB70D838}.Release|Any CPU.Build.0 = Release|Any CPU
	EndGlobalSection
	GlobalSection(SolutionProperties) = preSolution
		HideSolutionNode = FALSE
	EndGlobalSection
	GlobalSection(ExtensibilityGlobals) = postSolution
		SolutionGuid = {B7F440D7-BD26-4216-BA9E-E03A5715BC8C}
	EndGlobalSection
EndGlobal
